
Microsoft Visual Studio Solution File, Format Version 12.00
# Visual Studio Version 17
VisualStudioVersion = 17.8.34316.72
MinimumVisualStudioVersion = 10.0.40219.1
Project("{FAE04EC0-301F-11D3-BF4B-00C04F79EFBC}") = "GitDemoApp", "GitDemoApp\GitDemoApp.csproj", "{84C1FF0A-8B43-457C-AF12-D5118E329E50}"
EndProject
Global
	GlobalSection(SolutionConfigurationPlatforms) = preSolution
		Debug|Any CPU = Debug|Any CPU
		Release|Any CPU = Release|Any CPU
	EndGlobalSection
	GlobalSection(ProjectConfigurationPlatforms) = postSolution
		{84C1FF0A-8B43-457C-AF12-D5118E329E50}.Debug|Any CPU.ActiveCfg = Debug|Any CPU
		{84C1FF0A-8B43-457C-AF12-D5118E329E50}.Debug|Any CPU.Build.0 = Debug|Any CPU
		{84C1FF0A-8B43-457C-AF12-D5118E329E50}.Release|Any CPU.ActiveCfg = Release|Any CPU
		{84C1FF0A-8B43-457C-AF12-D5118E329E50}.Release|Any CPU.Build.0 = Release|Any CPU
	EndGlobalSection
	GlobalSection(SolutionProperties) = preSolution
		HideSolutionNode = FALSE
	EndGlobalSection
	GlobalSection(ExtensibilityGlobals) = postSolution
		SolutionGuid = {7DB8C94E-50ED-4FDB-A3F7-F6245B7DDCA0}
	EndGlobalSection
EndGlobal
